github.com/davecgh/go-spew v1.1.1 h1:vj9j/u1bqnvCEfJOwUhtlOARqs3+rkHYY13jYWTU97c=
github.com/davecgh/go-spew v1.1.1/go.mod h1:J7Y8YcW2NihsgmVo/mv3lAwl/skON4iLHjSsI+c5H38=
github.com/pmezard/go-difflib v1.0.0 h1:4DBwDE0NGyQoBHbLQYPwSUPoCMWR5BEzIk/f1lZbAQM=
github.com/pmezard/go-difflib v1.0.0/go.mod h1:iKH77koFhYxTK1pcRnkKkqfTogsbg7gZNVY4sRDYZ/4=
github.com/samber/do/v2 v2.0.0-beta.7 h1:tmdLOVSCbTA6uGWLU5poi/nZvMRh5QxXFJ9vHytU+Jk=
github.com/samber/do/v2 v2.0.0-beta.7/go.mod h1:+LpV3vu4L81Q1JMZNSkMvSkW9lt4e5eJoXoZHkeBS4c=
github.com/samber/go-type-to-string v1.7.0 h1:FiSstaAikHMUSLt5bhVlsvCnD7bbQzC8L0UkkGS3Bj8=
github.com/samber/go-type-to-string v1.7.0/go.mod h1:jpU77vIDoIxkahknKDoEx9C8bQ1ADnh2sotZ8I4QqBU=
github.com/stretchr/testify v1.9.0 h1:HtqpIVDClZ4nwg75+f6Lvsy/wHu+3BoSGCbBAcpTsTg=
github.com/stretchr/testify v1.9.0/go.mod h1:r2ic/lqez/lEtzL7wO/rwa5dbSLXVDPFyf8C91i36aY=
github.com/urfave/cli/v3 v3.0.0-beta1 h1:6DTaaUarcM0wX7qj5Hcvs+5Dm3dyUTBbEwIWAjcw9Zg=
github.com/urfave/cli/v3 v3.0.0-beta1/go.mod h1:FnIeEMYu+ko8zP1F9Ypr3xkZMIDqW3DR92yUtY39q1Y=
go.uber.org/goleak v1.2.1 h1:NBol2c7O1ZokfZ0LEU9K6Whx/KnwvepVetCUhtKja4A=
go.uber.org/goleak v1.2.1/go.mod h1:qlT2yGI9QafXHhZZLxlSuNsMw3FFLxBr+tBRlmO1xH4=
gopkg.in/yaml.v3 v3.0.1 h1:fxVm/GzAzEWqLHuvctI91KS9hhNmmWOoWu0XTYJS7CA=
gopkg.in/yaml.v3 v3.0.1/go.mod h1:K4uyk7z7BCEPqu6E+C64Yfv1cQ7kz7rIZviUmN+EgEM=
